
Microsoft Visual Studio Solution File, Format Version 12.00
# Visual Studio Version 16
VisualStudioVersion = 16.0.29326.143
MinimumVisualStudioVersion = 10.0.40219.1
Project("{8BC9CEB8-8B4A-11D0-8D11-00A0C91BC942}") = "Translation_to_keyboard_code", "Translation_to_keyboard_code\Translation_to_keyboard_code.vcxproj", "{D35B83DD-BB95-4162-92E4-6ED8D1F71D1E}"
	ProjectSection(ProjectDependencies) = postProject
		{EBC88E02-3BCF-4825-B53E-9661B063A46B} = {EBC88E02-3BCF-4825-B53E-9661B063A46B}
		{B8890363-8025-46DE-B549-A0A60ECBEBEA} = {B8890363-8025-46DE-B549-A0A60ECBEBEA}
	EndProjectSection
EndProject
Project("{8BC9CEB8-8B4A-11D0-8D11-00A0C91BC942}") = "LeddarExampleModule", "LeddarSDK\src\LeddarExample\LeddarExample.vcxproj", "{EBC88E02-3BCF-4825-B53E-9661B063A46B}"
EndProject
Project("{8BC9CEB8-8B4A-11D0-8D11-00A0C91BC942}") = "LeddarConfigurator4", "LeddarSDK\src\LeddarConfigurator4\LeddarConfigurator4.vcxproj", "{B8890363-8025-46DE-B549-A0A60ECBEBEA}"
EndProject
Global
	GlobalSection(SolutionConfigurationPlatforms) = preSolution
		Debug|x64 = Debug|x64
		Debug|x86 = Debug|x86
		Release|x64 = Release|x64
		Release|x86 = Release|x86
	EndGlobalSection
	GlobalSection(ProjectConfigurationPlatforms) = postSolution
		{D35B83DD-BB95-4162-92E4-6ED8D1F71D1E}.Debug|x64.ActiveCfg = Debug|x64
		{D35B83DD-BB95-4162-92E4-6ED8D1F71D1E}.Debug|x64.Build.0 = Debug|x64
		{D35B83DD-BB95-4162-92E4-6ED8D1F71D1E}.Debug|x86.ActiveCfg = Debug|Win32
		{D35B83DD-BB95-4162-92E4-6ED8D1F71D1E}.Debug|x86.Build.0 = Debug|Win32
		{D35B83DD-BB95-4162-92E4-6ED8D1F71D1E}.Release|x64.ActiveCfg = Release|x64
		{D35B83DD-BB95-4162-92E4-6ED8D1F71D1E}.Release|x64.Build.0 = Release|x64
		{D35B83DD-BB95-4162-92E4-6ED8D1F71D1E}.Release|x86.ActiveCfg = Release|Win32
		{D35B83DD-BB95-4162-92E4-6ED8D1F71D1E}.Release|x86.Build.0 = Release|Win32
		{EBC88E02-3BCF-4825-B53E-9661B063A46B}.Debug|x64.ActiveCfg = Debug|x64
		{EBC88E02-3BCF-4825-B53E-9661B063A46B}.Debug|x64.Build.0 = Debug|x64
		{EBC88E02-3BCF-4825-B53E-9661B063A46B}.Debug|x86.ActiveCfg = Debug|Win32
		{EBC88E02-3BCF-4825-B53E-9661B063A46B}.Debug|x86.Build.0 = Debug|Win32
		{EBC88E02-3BCF-4825-B53E-9661B063A46B}.Release|x64.ActiveCfg = Release|x64
		{EBC88E02-3BCF-4825-B53E-9661B063A46B}.Release|x64.Build.0 = Release|x64
		{EBC88E02-3BCF-4825-B53E-9661B063A46B}.Release|x86.ActiveCfg = Release|Win32
		{EBC88E02-3BCF-4825-B53E-9661B063A46B}.Release|x86.Build.0 = Release|Win32
		{B8890363-8025-46DE-B549-A0A60ECBEBEA}.Debug|x64.ActiveCfg = Debug|x64
		{B8890363-8025-46DE-B549-A0A60ECBEBEA}.Debug|x64.Build.0 = Debug|x64
		{B8890363-8025-46DE-B549-A0A60ECBEBEA}.Debug|x86.ActiveCfg = Debug|Win32
		{B8890363-8025-46DE-B549-A0A60ECBEBEA}.Debug|x86.Build.0 = Debug|Win32
		{B8890363-8025-46DE-B549-A0A60ECBEBEA}.Release|x64.ActiveCfg = Release|x64
		{B8890363-8025-46DE-B549-A0A60ECBEBEA}.Release|x64.Build.0 = Release|x64
		{B8890363-8025-46DE-B549-A0A60ECBEBEA}.Release|x86.ActiveCfg = Release|Win32
		{B8890363-8025-46DE-B549-A0A60ECBEBEA}.Release|x86.Build.0 = Release|Win32
	EndGlobalSection
	GlobalSection(SolutionProperties) = preSolution
		HideSolutionNode = FALSE
	EndGlobalSection
	GlobalSection(ExtensibilityGlobals) = postSolution
		SolutionGuid = {346CA404-0C1F-4009-B618-37248FA895BC}
	EndGlobalSection
EndGlobal
